
Microsoft Visual Studio Solution File, Format Version 12.00
# Visual Studio Version 16
VisualStudioVersion = 16.0.30711.63
MinimumVisualStudioVersion = 15.0.26124.0
Project("{2150E333-8FDC-42A3-9474-1A3956D46DE8}") = "src", "src", "{861365C7-160F-429D-8965-708272889915}"
EndProject
Project("{9A19103F-16F7-4668-BE54-9A1E7A4F7556}") = "DevTv.Api", "src\DevTv.Api\DevTv.Api.csproj", "{18795388-0254-4D96-A63E-E5CDB7FEA4F0}"
EndProject
Project("{9A19103F-16F7-4668-BE54-9A1E7A4F7556}") = "DevTv.Domain", "src\DevTv.Domain\DevTv.Domain.csproj", "{8954A8A5-EAA4-43C1-B6E8-046C636D8470}"
EndProject
Project("{9A19103F-16F7-4668-BE54-9A1E7A4F7556}") = "DevTv.Core", "src\DevTv.Core\DevTv.Core.csproj", "{EA94C0B0-E171-45D4-92A6-FC34AF0EBAEF}"
EndProject
Project("{2150E333-8FDC-42A3-9474-1A3956D46DE8}") = "building-blocks", "building-blocks", "{AE20CD0B-6BCD-4224-A063-FC2AE8298C45}"
EndProject
Project("{9A19103F-16F7-4668-BE54-9A1E7A4F7556}") = "BuildingBlocks.Core", "building-blocks\BuildingBlocks.Core\BuildingBlocks.Core.csproj", "{190B8E2B-D1EA-48CA-8B65-0F77AD84A1F2}"
EndProject
Project("{9A19103F-16F7-4668-BE54-9A1E7A4F7556}") = "BuildingBlocks.AspNetCore", "building-blocks\BuildingBlocks.AspNetCore\BuildingBlocks.AspNetCore.csproj", "{2CF21ABF-83EC-4F71-824B-044CD9FA1A91}"
EndProject
Project("{9A19103F-16F7-4668-BE54-9A1E7A4F7556}") = "BuildingBlocks.EventStore", "building-blocks\BuildingBlocks.EventStore\BuildingBlocks.EventStore.csproj", "{65518C16-F6AC-470C-B877-AE5EF479E076}"
EndProject
Project("{2150E333-8FDC-42A3-9474-1A3956D46DE8}") = "test", "test", "{4304CDE9-0092-4922-89BE-E2B4DADEAB92}"
EndProject
Project("{9A19103F-16F7-4668-BE54-9A1E7A4F7556}") = "DevTv.FunctionalTests", "test\DevTv.FunctionalTests\DevTv.FunctionalTests.csproj", "{07069311-F20D-486A-B2B4-D7AAEA375E84}"
EndProject
Project("{9A19103F-16F7-4668-BE54-9A1E7A4F7556}") = "DevTv.UnitTests", "test\DevTv.UnitTests\DevTv.UnitTests.csproj", "{0021AF3D-EC30-4E1C-8FEA-9667DB08FB65}"
EndProject
Project("{9A19103F-16F7-4668-BE54-9A1E7A4F7556}") = "DevTv.Testing", "test\DevTv.Testing\DevTv.Testing.csproj", "{2186C22B-A3CC-43A0-A63D-952E8EAE391F}"
EndProject
Global
	GlobalSection(SolutionConfigurationPlatforms) = preSolution
		Debug|Any CPU = Debug|Any CPU
		Debug|x64 = Debug|x64
		Debug|x86 = Debug|x86
		Release|Any CPU = Release|Any CPU
		Release|x64 = Release|x64
		Release|x86 = Release|x86
	EndGlobalSection
	GlobalSection(ProjectConfigurationPlatforms) = postSolution
		{18795388-0254-4D96-A63E-E5CDB7FEA4F0}.Debug|Any CPU.ActiveCfg = Debug|Any CPU
		{18795388-0254-4D96-A63E-E5CDB7FEA4F0}.Debug|Any CPU.Build.0 = Debug|Any CPU
		{18795388-0254-4D96-A63E-E5CDB7FEA4F0}.Debug|x64.ActiveCfg = Debug|Any CPU
		{18795388-0254-4D96-A63E-E5CDB7FEA4F0}.Debug|x64.Build.0 = Debug|Any CPU
		{18795388-0254-4D96-A63E-E5CDB7FEA4F0}.Debug|x86.ActiveCfg = Debug|Any CPU
		{18795388-0254-4D96-A63E-E5CDB7FEA4F0}.Debug|x86.Build.0 = Debug|Any CPU
		{18795388-0254-4D96-A63E-E5CDB7FEA4F0}.Release|Any CPU.ActiveCfg = Release|Any CPU
		{18795388-0254-4D96-A63E-E5CDB7FEA4F0}.Release|Any CPU.Build.0 = Release|Any CPU
		{18795388-0254-4D96-A63E-E5CDB7FEA4F0}.Release|x64.ActiveCfg = Release|Any CPU
		{18795388-0254-4D96-A63E-E5CDB7FEA4F0}.Release|x64.Build.0 = Release|Any CPU
		{18795388-0254-4D96-A63E-E5CDB7FEA4F0}.Release|x86.ActiveCfg = Release|Any CPU
		{18795388-0254-4D96-A63E-E5CDB7FEA4F0}.Release|x86.Build.0 = Release|Any CPU
		{8954A8A5-EAA4-43C1-B6E8-046C636D8470}.Debug|Any CPU.ActiveCfg = Debug|Any CPU
		{8954A8A5-EAA4-43C1-B6E8-046C636D8470}.Debug|Any CPU.Build.0 = Debug|Any CPU
		{8954A8A5-EAA4-43C1-B6E8-046C636D8470}.Debug|x64.ActiveCfg = Debug|Any CPU
		{8954A8A5-EAA4-43C1-B6E8-046C636D8470}.Debug|x64.Build.0 = Debug|Any CPU
		{8954A8A5-EAA4-43C1-B6E8-046C636D8470}.Debug|x86.ActiveCfg = Debug|Any CPU
		{8954A8A5-EAA4-43C1-B6E8-046C636D8470}.Debug|x86.Build.0 = Debug|Any CPU
		{8954A8A5-EAA4-43C1-B6E8-046C636D8470}.Release|Any CPU.ActiveCfg = Release|Any CPU
		{8954A8A5-EAA4-43C1-B6E8-046C636D8470}.Release|Any CPU.Build.0 = Release|Any CPU
		{8954A8A5-EAA4-43C1-B6E8-046C636D8470}.Release|x64.ActiveCfg = Release|Any CPU
		{8954A8A5-EAA4-43C1-B6E8-046C636D8470}.Release|x64.Build.0 = Release|Any CPU
		{8954A8A5-EAA4-43C1-B6E8-046C636D8470}.Release|x86.ActiveCfg = Release|Any CPU
		{8954A8A5-EAA4-43C1-B6E8-046C636D8470}.Release|x86.Build.0 = Release|Any CPU
		{EA94C0B0-E171-45D4-92A6-FC34AF0EBAEF}.Debug|Any CPU.ActiveCfg = Debug|Any CPU
		{EA94C0B0-E171-45D4-92A6-FC34AF0EBAEF}.Debug|Any CPU.Build.0 = Debug|Any CPU
		{EA94C0B0-E171-45D4-92A6-FC34AF0EBAEF}.Debug|x64.ActiveCfg = Debug|Any CPU
		{EA94C0B0-E171-45D4-92A6-FC34AF0EBAEF}.Debug|x64.Build.0 = Debug|Any CPU
		{EA94C0B0-E171-45D4-92A6-FC34AF0EBAEF}.Debug|x86.ActiveCfg = Debug|Any CPU
		{EA94C0B0-E171-45D4-92A6-FC34AF0EBAEF}.Debug|x86.Build.0 = Debug|Any CPU
		{EA94C0B0-E171-45D4-92A6-FC34AF0EBAEF}.Release|Any CPU.ActiveCfg = Release|Any CPU
		{EA94C0B0-E171-45D4-92A6-FC34AF0EBAEF}.Release|Any CPU.Build.0 = Release|Any CPU
		{EA94C0B0-E171-45D4-92A6-FC34AF0EBAEF}.Release|x64.ActiveCfg = Release|Any CPU
		{EA94C0B0-E171-45D4-92A6-FC34AF0EBAEF}.Release|x64.Build.0 = Release|Any CPU
		{EA94C0B0-E171-45D4-92A6-FC34AF0EBAEF}.Release|x86.ActiveCfg = Release|Any CPU
		{EA94C0B0-E171-45D4-92A6-FC34AF0EBAEF}.Release|x86.Build.0 = Release|Any CPU
		{190B8E2B-D1EA-48CA-8B65-0F77AD84A1F2}.Debug|Any CPU.ActiveCfg = Debug|Any CPU
		{190B8E2B-D1EA-48CA-8B65-0F77AD84A1F2}.Debug|Any CPU.Build.0 = Debug|Any CPU
		{190B8E2B-D1EA-48CA-8B65-0F77AD84A1F2}.Debug|x64.ActiveCfg = Debug|Any CPU
		{190B8E2B-D1EA-48CA-8B65-0F77AD84A1F2}.Debug|x64.Build.0 = Debug|Any CPU
		{190B8E2B-D1EA-48CA-8B65-0F77AD84A1F2}.Debug|x86.ActiveCfg = Debug|Any CPU
		{190B8E2B-D1EA-48CA-8B65-0F77AD84A1F2}.Debug|x86.Build.0 = Debug|Any CPU
		{190B8E2B-D1EA-48CA-8B65-0F77AD84A1F2}.Release|Any CPU.ActiveCfg = Release|Any CPU
		{190B8E2B-D1EA-48CA-8B65-0F77AD84A1F2}.Release|Any CPU.Build.0 = Release|Any CPU
		{190B8E2B-D1EA-48CA-8B65-0F77AD84A1F2}.Release|x64.ActiveCfg = Release|Any CPU
		{190B8E2B-D1EA-48CA-8B65-0F77AD84A1F2}.Release|x64.Build.0 = Release|Any CPU
		{190B8E2B-D1EA-48CA-8B65-0F77AD84A1F2}.Release|x86.ActiveCfg = Release|Any CPU
		{190B8E2B-D1EA-48CA-8B65-0F77AD84A1F2}.Release|x86.Build.0 = Release|Any CPU
		{2CF21ABF-83EC-4F71-824B-044CD9FA1A91}.Debug|Any CPU.ActiveCfg = Debug|Any CPU
		{2CF21ABF-83EC-4F71-824B-044CD9FA1A91}.Debug|Any CPU.Build.0 = Debug|Any CPU
		{2CF21ABF-83EC-4F71-824B-044CD9FA1A91}.Debug|x64.ActiveCfg = Debug|Any CPU
		{2CF21ABF-83EC-4F71-824B-044CD9FA1A91}.Debug|x64.Build.0 = Debug|Any CPU
		{2CF21ABF-83EC-4F71-824B-044CD9FA1A91}.Debug|x86.ActiveCfg = Debug|Any CPU
		{2CF21ABF-83EC-4F71-824B-044CD9FA1A91}.Debug|x86.Build.0 = Debug|Any CPU
		{2CF21ABF-83EC-4F71-824B-044CD9FA1A91}.Release|Any CPU.ActiveCfg = Release|Any CPU
		{2CF21ABF-83EC-4F71-824B-044CD9FA1A91}.Release|Any CPU.Build.0 = Release|Any CPU
		{2CF21ABF-83EC-4F71-824B-044CD9FA1A91}.Release|x64.ActiveCfg = Release|Any CPU
		{2CF21ABF-83EC-4F71-824B-044CD9FA1A91}.Release|x64.Build.0 = Release|Any CPU
		{2CF21ABF-83EC-4F71-824B-044CD9FA1A91}.Release|x86.ActiveCfg = Release|Any CPU
		{2CF21ABF-83EC-4F71-824B-044CD9FA1A91}.Release|x86.Build.0 = Release|Any CPU
		{65518C16-F6AC-470C-B877-AE5EF479E076}.Debug|Any CPU.ActiveCfg = Debug|Any CPU
		{65518C16-F6AC-470C-B877-AE5EF479E076}.Debug|Any CPU.Build.0 = Debug|Any CPU
		{65518C16-F6AC-470C-B877-AE5EF479E076}.Debug|x64.ActiveCfg = Debug|Any CPU
		{65518C16-F6AC-470C-B877-AE5EF479E076}.Debug|x64.Build.0 = Debug|Any CPU
		{65518C16-F6AC-470C-B877-AE5EF479E076}.Debug|x86.ActiveCfg = Debug|Any CPU
		{65518C16-F6AC-470C-B877-AE5EF479E076}.Debug|x86.Build.0 = Debug|Any CPU
		{65518C16-F6AC-470C-B877-AE5EF479E076}.Release|Any CPU.ActiveCfg = Release|Any CPU
		{65518C16-F6AC-470C-B877-AE5EF479E076}.Release|Any CPU.Build.0 = Release|Any CPU
		{65518C16-F6AC-470C-B877-AE5EF479E076}.Release|x64.ActiveCfg = Release|Any CPU
		{65518C16-F6AC-470C-B877-AE5EF479E076}.Release|x64.Build.0 = Release|Any CPU
		{65518C16-F6AC-470C-B877-AE5EF479E076}.Release|x86.ActiveCfg = Release|Any CPU
		{65518C16-F6AC-470C-B877-AE5EF479E076}.Release|x86.Build.0 = Release|Any CPU
		{07069311-F20D-486A-B2B4-D7AAEA375E84}.Debug|Any CPU.ActiveCfg = Debug|Any CPU
		{07069311-F20D-486A-B2B4-D7AAEA375E84}.Debug|Any CPU.Build.0 = Debug|Any CPU
		{07069311-F20D-486A-B2B4-D7AAEA375E84}.Debug|x64.ActiveCfg = Debug|Any CPU
		{07069311-F20D-486A-B2B4-D7AAEA375E84}.Debug|x64.Build.0 = Debug|Any CPU
		{07069311-F20D-486A-B2B4-D7AAEA375E84}.Debug|x86.ActiveCfg = Debug|Any CPU
		{07069311-F20D-486A-B2B4-D7AAEA375E84}.Debug|x86.Build.0 = Debug|Any CPU
		{07069311-F20D-486A-B2B4-D7AAEA375E84}.Release|Any CPU.ActiveCfg = Release|Any CPU
		{07069311-F20D-486A-B2B4-D7AAEA375E84}.Release|Any CPU.Build.0 = Release|Any CPU
		{07069311-F20D-486A-B2B4-D7AAEA375E84}.Release|x64.ActiveCfg = Release|Any CPU
		{07069311-F20D-486A-B2B4-D7AAEA375E84}.Release|x64.Build.0 = Release|Any CPU
		{07069311-F20D-486A-B2B4-D7AAEA375E84}.Release|x86.ActiveCfg = Release|Any CPU
		{07069311-F20D-486A-B2B4-D7AAEA375E84}.Release|x86.Build.0 = Release|Any CPU
		{0021AF3D-EC30-4E1C-8FEA-9667DB08FB65}.Debug|Any CPU.ActiveCfg = Debug|Any CPU
		{0021AF3D-EC30-4E1C-8FEA-9667DB08FB65}.Debug|Any CPU.Build.0 = Debug|Any CPU
		{0021AF3D-EC30-4E1C-8FEA-9667DB08FB65}.Debug|x64.ActiveCfg = Debug|Any CPU
		{0021AF3D-EC30-4E1C-8FEA-9667DB08FB65}.Debug|x64.Build.0 = Debug|Any CPU
		{0021AF3D-EC30-4E1C-8FEA-9667DB08FB65}.Debug|x86.ActiveCfg = Debug|Any CPU
		{0021AF3D-EC30-4E1C-8FEA-9667DB08FB65}.Debug|x86.Build.0 = Debug|Any CPU
		{0021AF3D-EC30-4E1C-8FEA-9667DB08FB65}.Release|Any CPU.ActiveCfg = Release|Any CPU
		{0021AF3D-EC30-4E1C-8FEA-9667DB08FB65}.Release|Any CPU.Build.0 = Release|Any CPU
		{0021AF3D-EC30-4E1C-8FEA-9667DB08FB65}.Release|x64.ActiveCfg = Release|Any CPU
		{0021AF3D-EC30-4E1C-8FEA-9667DB08FB65}.Release|x64.Build.0 = Release|Any CPU
		{0021AF3D-EC30-4E1C-8FEA-9667DB08FB65}.Release|x86.ActiveCfg = Release|Any CPU
		{0021AF3D-EC30-4E1C-8FEA-9667DB08FB65}.Release|x86.Build.0 = Release|Any CPU
		{2186C22B-A3CC-43A0-A63D-952E8EAE391F}.Debug|Any CPU.ActiveCfg = Debug|Any CPU
		{2186C22B-A3CC-43A0-A63D-952E8EAE391F}.Debug|Any CPU.Build.0 = Debug|Any CPU
		{2186C22B-A3CC-43A0-A63D-952E8EAE391F}.Debug|x64.ActiveCfg = Debug|Any CPU
		{2186C22B-A3CC-43A0-A63D-952E8EAE391F}.Debug|x64.Build.0 = Debug|Any CPU
		{2186C22B-A3CC-43A0-A63D-952E8EAE391F}.Debug|x86.ActiveCfg = Debug|Any CPU
		{2186C22B-A3CC-43A0-A63D-952E8EAE391F}.Debug|x86.Build.0 = Debug|Any CPU
		{2186C22B-A3CC-43A0-A63D-952E8EAE391F}.Release|Any CPU.ActiveCfg = Release|Any CPU
		{2186C22B-A3CC-43A0-A63D-952E8EAE391F}.Release|Any CPU.Build.0 = Release|Any CPU
		{2186C22B-A3CC-43A0-A63D-952E8EAE391F}.Release|x64.ActiveCfg = Release|Any CPU
		{2186C22B-A3CC-43A0-A63D-952E8EAE391F}.Release|x64.Build.0 = Release|Any CPU
		{2186C22B-A3CC-43A0-A63D-952E8EAE391F}.Release|x86.ActiveCfg = Release|Any CPU
		{2186C22B-A3CC-43A0-A63D-952E8EAE391F}.Release|x86.Build.0 = Release|Any CPU
	EndGlobalSection
	GlobalSection(SolutionProperties) = preSolution
		HideSolutionNode = FALSE
	EndGlobalSection
	GlobalSection(NestedProjects) = preSolution
		{18795388-0254-4D96-A63E-E5CDB7FEA4F0} = {861365C7-160F-429D-8965-708272889915}
		{8954A8A5-EAA4-43C1-B6E8-046C636D8470} = {861365C7-160F-429D-8965-708272889915}
		{EA94C0B0-E171-45D4-92A6-FC34AF0EBAEF} = {861365C7-160F-429D-8965-708272889915}
		{190B8E2B-D1EA-48CA-8B65-0F77AD84A1F2} = {AE20CD0B-6BCD-4224-A063-FC2AE8298C45}
		{2CF21ABF-83EC-4F71-824B-044CD9FA1A91} = {AE20CD0B-6BCD-4224-A063-FC2AE8298C45}
		{65518C16-F6AC-470C-B877-AE5EF479E076} = {AE20CD0B-6BCD-4224-A063-FC2AE8298C45}
		{07069311-F20D-486A-B2B4-D7AAEA375E84} = {4304CDE9-0092-4922-89BE-E2B4DADEAB92}
		{0021AF3D-EC30-4E1C-8FEA-9667DB08FB65} = {4304CDE9-0092-4922-89BE-E2B4DADEAB92}
		{2186C22B-A3CC-43A0-A63D-952E8EAE391F} = {4304CDE9-0092-4922-89BE-E2B4DADEAB92}
	EndGlobalSection
	GlobalSection(ExtensibilityGlobals) = postSolution
		SolutionGuid = {4633B653-6634-434A-B11A-0B2565291C28}
	EndGlobalSection
EndGlobal
